
Microsoft Visual Studio Solution File, Format Version 12.00
# Visual Studio Version 17
VisualStudioVersion = 17.14.36203.30 d17.14
MinimumVisualStudioVersion = 10.0.40219.1
Project("{FAE04EC0-301F-11D3-BF4B-00C04F79EFBC}") = "CSharpActionsTest", "CSharpActionsTest\CSharpActionsTest.csproj", "{D144F235-CE96-472A-80F9-25ADF482500B}"
EndProject
Global
	GlobalSection(SolutionConfigurationPlatforms) = preSolution
		Debug|Any CPU = Debug|Any CPU
		Release|Any CPU = Release|Any CPU
	EndGlobalSection
	GlobalSection(ProjectConfigurationPlatforms) = postSolution
		{D144F235-CE96-472A-80F9-25ADF482500B}.Debug|Any CPU.ActiveCfg = Debug|Any CPU
		{D144F235-CE96-472A-80F9-25ADF482500B}.Debug|Any CPU.Build.0 = Debug|Any CPU
		{D144F235-CE96-472A-80F9-25ADF482500B}.Release|Any CPU.ActiveCfg = Release|Any CPU
		{D144F235-CE96-472A-80F9-25ADF482500B}.Release|Any CPU.Build.0 = Release|Any CPU
	EndGlobalSection
	GlobalSection(SolutionProperties) = preSolution
		HideSolutionNode = FALSE
	EndGlobalSection
	GlobalSection(ExtensibilityGlobals) = postSolution
		SolutionGuid = {2F2C1556-4739-4B49-AC76-20E41CCA00AD}
	EndGlobalSection
EndGlobal
